
Microsoft Visual Studio Solution File, Format Version 12.00
# Visual Studio Version 16
VisualStudioVersion = 16.0.31911.196
MinimumVisualStudioVersion = 10.0.40219.1
Project("{FAE04EC0-301F-11D3-BF4B-00C04F79EFBC}") = "delegate_lambda", "delegate_lambda\delegate_lambda.csproj", "{2AFB7E13-A40F-428A-B219-5E52B7003126}"
EndProject
Global
	GlobalSection(SolutionConfigurationPlatforms) = preSolution
		Debug|Any CPU = Debug|Any CPU
		Release|Any CPU = Release|Any CPU
	EndGlobalSection
	GlobalSection(ProjectConfigurationPlatforms) = postSolution
		{2AFB7E13-A40F-428A-B219-5E52B7003126}.Debug|Any CPU.ActiveCfg = Debug|Any CPU
		{2AFB7E13-A40F-428A-B219-5E52B7003126}.Debug|Any CPU.Build.0 = Debug|Any CPU
		{2AFB7E13-A40F-428A-B219-5E52B7003126}.Release|Any CPU.ActiveCfg = Release|Any CPU
		{2AFB7E13-A40F-428A-B219-5E52B7003126}.Release|Any CPU.Build.0 = Release|Any CPU
	EndGlobalSection
	GlobalSection(SolutionProperties) = preSolution
		HideSolutionNode = FALSE
	EndGlobalSection
	GlobalSection(ExtensibilityGlobals) = postSolution
		SolutionGuid = {55B1FE5B-625D-42E7-AB76-BFA905D96ED2}
	EndGlobalSection
EndGlobal
